// !$*UTF8*$!
{
	archiveVersion = 1;
	classes = {
	};
	objectVersion = 56;
	objects = {

/* Begin PBXBuildFile section */
		C433BAB62979242900B3793A /* Movie_FinderApp.swift in Sources */ = {isa = PBXBuildFile; fileRef = C433BAB52979242900B3793A /* Movie_FinderApp.swift */; };
		C433BAB82979242900B3793A /* ContentView.swift in Sources */ = {isa = PBXBuildFile; fileRef = C433BAB72979242900B3793A /* ContentView.swift */; };
		C433BABA2979242900B3793A /* Assets.xcassets in Resources */ = {isa = PBXBuildFile; fileRef = C433BAB92979242900B3793A /* Assets.xcassets */; };
		C433BABD2979242900B3793A /* Preview Assets.xcassets in Resources */ = {isa = PBXBuildFile; fileRef = C433BABC2979242900B3793A /* Preview Assets.xcassets */; };
		C433BAC929792F0000B3793A /* MovieModel.swift in Sources */ = {isa = PBXBuildFile; fileRef = C433BAC829792F0000B3793A /* MovieModel.swift */; };
		C433BACD297930F800B3793A /* MovieService.swift in Sources */ = {isa = PBXBuildFile; fileRef = C433BACC297930F800B3793A /* MovieService.swift */; };
		C433BACF2979355600B3793A /* MovieStore.swift in Sources */ = {isa = PBXBuildFile; fileRef = C433BACE2979355600B3793A /* MovieStore.swift */; };
		C433BAD12979364B00B3793A /* Utils.swift in Sources */ = {isa = PBXBuildFile; fileRef = C433BAD02979364B00B3793A /* Utils.swift */; };
		C433BAD3297948FE00B3793A /* Movie+Stub.swift in Sources */ = {isa = PBXBuildFile; fileRef = C433BAD2297948FE00B3793A /* Movie+Stub.swift */; };
		C433BADB2979500A00B3793A /* MovieBackdropView.swift in Sources */ = {isa = PBXBuildFile; fileRef = C433BADA2979500A00B3793A /* MovieBackdropView.swift */; };
		C433BADE2979503100B3793A /* ImageLoader.swift in Sources */ = {isa = PBXBuildFile; fileRef = C433BADD2979503100B3793A /* ImageLoader.swift */; };
		C433BAE129795FB000B3793A /* trending.json in Resources */ = {isa = PBXBuildFile; fileRef = C433BADF29795FB000B3793A /* trending.json */; };
		C433BAE229795FB000B3793A /* search.json in Resources */ = {isa = PBXBuildFile; fileRef = C433BAE029795FB000B3793A /* search.json */; };
		C433BAE4297962DC00B3793A /* MovieBackdropCarouselView.swift in Sources */ = {isa = PBXBuildFile; fileRef = C433BAE3297962DC00B3793A /* MovieBackdropCarouselView.swift */; };
		C43AF799297A94A100A64CF4 /* MoviePosterCard.swift in Sources */ = {isa = PBXBuildFile; fileRef = C43AF798297A94A100A64CF4 /* MoviePosterCard.swift */; };
		C43AF79B297A971900A64CF4 /* MoviePosterCarouselView.swift in Sources */ = {isa = PBXBuildFile; fileRef = C43AF79A297A971900A64CF4 /* MoviePosterCarouselView.swift */; };
		C43AF79D297A988E00A64CF4 /* MovieListState.swift in Sources */ = {isa = PBXBuildFile; fileRef = C43AF79C297A988E00A64CF4 /* MovieListState.swift */; };
		C43AF79F297A989A00A64CF4 /* MovieListView.swift in Sources */ = {isa = PBXBuildFile; fileRef = C43AF79E297A989A00A64CF4 /* MovieListView.swift */; };
		C43AF7A2297A9BD000A64CF4 /* ActivityIndicator.swift in Sources */ = {isa = PBXBuildFile; fileRef = C43AF7A1297A9BD000A64CF4 /* ActivityIndicator.swift */; };
		C43AF7A4297A9CC000A64CF4 /* LoadingView.swift in Sources */ = {isa = PBXBuildFile; fileRef = C43AF7A3297A9CC000A64CF4 /* LoadingView.swift */; };
		C43AF7A6297AB20D00A64CF4 /* MovieDetailView.swift in Sources */ = {isa = PBXBuildFile; fileRef = C43AF7A5297AB20D00A64CF4 /* MovieDetailView.swift */; };
		C43AF7A8297AB2A400A64CF4 /* MovieDetailsState.swift in Sources */ = {isa = PBXBuildFile; fileRef = C43AF7A7297AB2A400A64CF4 /* MovieDetailsState.swift */; };
		C4D92360297AE4A8000F984E /* movie_info.json in Resources */ = {isa = PBXBuildFile; fileRef = C4D9235F297AE4A8000F984E /* movie_info.json */; };
		C4D92362297AF122000F984E /* SafariView.swift in Sources */ = {isa = PBXBuildFile; fileRef = C4D92361297AF122000F984E /* SafariView.swift */; };
/* End PBXBuildFile section */

/* Begin PBXFileReference section */
		C433BAB22979242900B3793A /* Movie Finder.app */ = {isa = PBXFileReference; explicitFileType = wrapper.application; includeInIndex = 0; path = "Movie Finder.app"; sourceTree = BUILT_PRODUCTS_DIR; };
		C433BAB52979242900B3793A /* Movie_FinderApp.swift */ = {isa = PBXFileReference; lastKnownFileType = sourcecode.swift; path = Movie_FinderApp.swift; sourceTree = "<group>"; };
		C433BAB72979242900B3793A /* ContentView.swift */ = {isa = PBXFileReference; lastKnownFileType = sourcecode.swift; path = ContentView.swift; sourceTree = "<group>"; };
		C433BAB92979242900B3793A /* Assets.xcassets */ = {isa = PBXFileReference; lastKnownFileType = folder.assetcatalog; path = Assets.xcassets; sourceTree = "<group>"; };
		C433BABC2979242900B3793A /* Preview Assets.xcassets */ = {isa = PBXFileReference; lastKnownFileType = folder.assetcatalog; path = "Preview Assets.xcassets"; sourceTree = "<group>"; };
		C433BAC829792F0000B3793A /* MovieModel.swift */ = {isa = PBXFileReference; lastKnownFileType = sourcecode.swift; path = MovieModel.swift; sourceTree = "<group>"; };
		C433BACC297930F800B3793A /* MovieService.swift */ = {isa = PBXFileReference; lastKnownFileType = sourcecode.swift; path = MovieService.swift; sourceTree = "<group>"; };
		C433BACE2979355600B3793A /* MovieStore.swift */ = {isa = PBXFileReference; lastKnownFileType = sourcecode.swift; path = MovieStore.swift; sourceTree = "<group>"; };
		C433BAD02979364B00B3793A /* Utils.swift */ = {isa = PBXFileReference; lastKnownFileType = sourcecode.swift; path = Utils.swift; sourceTree = "<group>"; };
		C433BAD2297948FE00B3793A /* Movie+Stub.swift */ = {isa = PBXFileReference; lastKnownFileType = sourcecode.swift; path = "Movie+Stub.swift"; sourceTree = "<group>"; };
		C433BADA2979500A00B3793A /* MovieBackdropView.swift */ = {isa = PBXFileReference; lastKnownFileType = sourcecode.swift; path = MovieBackdropView.swift; sourceTree = "<group>"; };
		C433BADD2979503100B3793A /* ImageLoader.swift */ = {isa = PBXFileReference; lastKnownFileType = sourcecode.swift; path = ImageLoader.swift; sourceTree = "<group>"; };
		C433BADF29795FB000B3793A /* trending.json */ = {isa = PBXFileReference; fileEncoding = 4; lastKnownFileType = text.json; path = trending.json; sourceTree = "<group>"; };
		C433BAE029795FB000B3793A /* search.json */ = {isa = PBXFileReference; fileEncoding = 4; lastKnownFileType = text.json; path = search.json; sourceTree = "<group>"; };
		C433BAE3297962DC00B3793A /* MovieBackdropCarouselView.swift */ = {isa = PBXFileReference; lastKnownFileType = sourcecode.swift; path = MovieBackdropCarouselView.swift; sourceTree = "<group>"; };
		C43AF798297A94A100A64CF4 /* MoviePosterCard.swift */ = {isa = PBXFileReference; lastKnownFileType = sourcecode.swift; path = MoviePosterCard.swift; sourceTree = "<group>"; };
		C43AF79A297A971900A64CF4 /* MoviePosterCarouselView.swift */ = {isa = PBXFileReference; lastKnownFileType = sourcecode.swift; path = MoviePosterCarouselView.swift; sourceTree = "<group>"; };
		C43AF79C297A988E00A64CF4 /* MovieListState.swift */ = {isa = PBXFileReference; lastKnownFileType = sourcecode.swift; path = MovieListState.swift; sourceTree = "<group>"; };
		C43AF79E297A989A00A64CF4 /* MovieListView.swift */ = {isa = PBXFileReference; lastKnownFileType = sourcecode.swift; path = MovieListView.swift; sourceTree = "<group>"; };
		C43AF7A1297A9BD000A64CF4 /* ActivityIndicator.swift */ = {isa = PBXFileReference; lastKnownFileType = sourcecode.swift; path = ActivityIndicator.swift; sourceTree = "<group>"; };
		C43AF7A3297A9CC000A64CF4 /* LoadingView.swift */ = {isa = PBXFileReference; lastKnownFileType = sourcecode.swift; path = LoadingView.swift; sourceTree = "<group>"; };
		C43AF7A5297AB20D00A64CF4 /* MovieDetailView.swift */ = {isa = PBXFileReference; lastKnownFileType = sourcecode.swift; path = MovieDetailView.swift; sourceTree = "<group>"; };
		C43AF7A7297AB2A400A64CF4 /* MovieDetailsState.swift */ = {isa = PBXFileReference; lastKnownFileType = sourcecode.swift; path = MovieDetailsState.swift; sourceTree = "<group>"; };
		C4D9235F297AE4A8000F984E /* movie_info.json */ = {isa = PBXFileReference; lastKnownFileType = text.json; path = movie_info.json; sourceTree = "<group>"; };
		C4D92361297AF122000F984E /* SafariView.swift */ = {isa = PBXFileReference; lastKnownFileType = sourcecode.swift; path = SafariView.swift; sourceTree = "<group>"; };
/* End PBXFileReference section */

/* Begin PBXFrameworksBuildPhase section */
		C433BAAF2979242900B3793A /* Frameworks */ = {
			isa = PBXFrameworksBuildPhase;
			buildActionMask = 2147483647;
			files = (
			);
			runOnlyForDeploymentPostprocessing = 0;
		};
/* End PBXFrameworksBuildPhase section */

/* Begin PBXGroup section */
		C433BAA92979242900B3793A = {
			isa = PBXGroup;
			children = (
				C433BAB42979242900B3793A /* Movie Finder */,
				C433BAB32979242900B3793A /* Products */,
			);
			sourceTree = "<group>";
		};
		C433BAB32979242900B3793A /* Products */ = {
			isa = PBXGroup;
			children = (
				C433BAB22979242900B3793A /* Movie Finder.app */,
			);
			name = Products;
			sourceTree = "<group>";
		};
		C433BAB42979242900B3793A /* Movie Finder */ = {
			isa = PBXGroup;
			children = (
				C433BAB52979242900B3793A /* Movie_FinderApp.swift */,
				C433BAB72979242900B3793A /* ContentView.swift */,
				C433BAD02979364B00B3793A /* Utils.swift */,
				C433BADC2979502A00B3793A /* Bindings */,
				C433BAD42979490900B3793A /* Resources */,
				C433BACB297930CC00B3793A /* Services */,
				C433BAC729792D1800B3793A /* Models */,
				C433BAC32979246F00B3793A /* View */,
				C433BAB92979242900B3793A /* Assets.xcassets */,
				C433BABB2979242900B3793A /* Preview Content */,
			);
			path = "Movie Finder";
			sourceTree = "<group>";
		};
		C433BABB2979242900B3793A /* Preview Content */ = {
			isa = PBXGroup;
			children = (
				C433BABC2979242900B3793A /* Preview Assets.xcassets */,
			);
			path = "Preview Content";
			sourceTree = "<group>";
		};
		C433BAC32979246F00B3793A /* View */ = {
			isa = PBXGroup;
			children = (
				C43AF7A0297A9BB900A64CF4 /* UIKitViews */,
				C433BADA2979500A00B3793A /* MovieBackdropView.swift */,
				C433BAE3297962DC00B3793A /* MovieBackdropCarouselView.swift */,
				C43AF798297A94A100A64CF4 /* MoviePosterCard.swift */,
				C43AF79A297A971900A64CF4 /* MoviePosterCarouselView.swift */,
				C43AF79E297A989A00A64CF4 /* MovieListView.swift */,
				C43AF7A5297AB20D00A64CF4 /* MovieDetailView.swift */,
				C43AF7A3297A9CC000A64CF4 /* LoadingView.swift */,
			);
			path = View;
			sourceTree = "<group>";
		};
		C433BAC729792D1800B3793A /* Models */ = {
			isa = PBXGroup;
			children = (
				C433BAC829792F0000B3793A /* MovieModel.swift */,
				C433BAD2297948FE00B3793A /* Movie+Stub.swift */,
			);
			path = Models;
			sourceTree = "<group>";
		};
		C433BACB297930CC00B3793A /* Services */ = {
			isa = PBXGroup;
			children = (
				C433BACC297930F800B3793A /* MovieService.swift */,
				C433BACE2979355600B3793A /* MovieStore.swift */,
			);
			path = Services;
			sourceTree = "<group>";
		};
		C433BAD42979490900B3793A /* Resources */ = {
			isa = PBXGroup;
			children = (
				C433BAE029795FB000B3793A /* search.json */,
				C433BADF29795FB000B3793A /* trending.json */,
				C4D9235F297AE4A8000F984E /* movie_info.json */,
			);
			path = Resources;
			sourceTree = "<group>";
		};
		C433BADC2979502A00B3793A /* Bindings */ = {
			isa = PBXGroup;
			children = (
				C433BADD2979503100B3793A /* ImageLoader.swift */,
				C43AF79C297A988E00A64CF4 /* MovieListState.swift */,
				C43AF7A7297AB2A400A64CF4 /* MovieDetailsState.swift */,
			);
			path = Bindings;
			sourceTree = "<group>";
		};
		C43AF7A0297A9BB900A64CF4 /* UIKitViews */ = {
			isa = PBXGroup;
			children = (
				C43AF7A1297A9BD000A64CF4 /* ActivityIndicator.swift */,
				C4D92361297AF122000F984E /* SafariView.swift */,
			);
			path = UIKitViews;
			sourceTree = "<group>";
		};
/* End PBXGroup section */

/* Begin PBXNativeTarget section */
		C433BAB12979242900B3793A /* Movie Finder */ = {
			isa = PBXNativeTarget;
			buildConfigurationList = C433BAC02979242900B3793A /* Build configuration list for PBXNativeTarget "Movie Finder" */;
			buildPhases = (
				C433BAAE2979242900B3793A /* Sources */,
				C433BAAF2979242900B3793A /* Frameworks */,
				C433BAB02979242900B3793A /* Resources */,
			);
			buildRules = (
			);
			dependencies = (
			);
			name = "Movie Finder";
			productName = "Movie Finder";
			productReference = C433BAB22979242900B3793A /* Movie Finder.app */;
			productType = "com.apple.product-type.application";
		};
/* End PBXNativeTarget section */

/* Begin PBXProject section */
		C433BAAA2979242900B3793A /* Project object */ = {
			isa = PBXProject;
			attributes = {
				BuildIndependentTargetsInParallel = 1;
				LastSwiftUpdateCheck = 1420;
				LastUpgradeCheck = 1420;
				TargetAttributes = {
					C433BAB12979242900B3793A = {
						CreatedOnToolsVersion = 14.2;
					};
				};
			};
			buildConfigurationList = C433BAAD2979242900B3793A /* Build configuration list for PBXProject "Movie Finder" */;
			compatibilityVersion = "Xcode 14.0";
			developmentRegion = en;
			hasScannedForEncodings = 0;
			knownRegions = (
				en,
				Base,
			);
			mainGroup = C433BAA92979242900B3793A;
			productRefGroup = C433BAB32979242900B3793A /* Products */;
			projectDirPath = "";
			projectRoot = "";
			targets = (
				C433BAB12979242900B3793A /* Movie Finder */,
			);
		};
/* End PBXProject section */

/* Begin PBXResourcesBuildPhase section */
		C433BAB02979242900B3793A /* Resources */ = {
			isa = PBXResourcesBuildPhase;
			buildActionMask = 2147483647;
			files = (
				C433BAE129795FB000B3793A /* trending.json in Resources */,
				C4D92360297AE4A8000F984E /* movie_info.json in Resources */,
				C433BAE229795FB000B3793A /* search.json in Resources */,
				C433BABD2979242900B3793A /* Preview Assets.xcassets in Resources */,
				C433BABA2979242900B3793A /* Assets.xcassets in Resources */,
			);
			runOnlyForDeploymentPostprocessing = 0;
		};
/* End PBXResourcesBuildPhase section */

/* Begin PBXSourcesBuildPhase section */
		C433BAAE2979242900B3793A /* Sources */ = {
			isa = PBXSourcesBuildPhase;
			buildActionMask = 2147483647;
			files = (
				C433BAC929792F0000B3793A /* MovieModel.swift in Sources */,
				C43AF7A2297A9BD000A64CF4 /* ActivityIndicator.swift in Sources */,
				C43AF79F297A989A00A64CF4 /* MovieListView.swift in Sources */,
				C433BAB82979242900B3793A /* ContentView.swift in Sources */,
				C433BACD297930F800B3793A /* MovieService.swift in Sources */,
				C43AF7A4297A9CC000A64CF4 /* LoadingView.swift in Sources */,
				C433BADB2979500A00B3793A /* MovieBackdropView.swift in Sources */,
				C43AF799297A94A100A64CF4 /* MoviePosterCard.swift in Sources */,
				C433BAD3297948FE00B3793A /* Movie+Stub.swift in Sources */,
				C43AF79D297A988E00A64CF4 /* MovieListState.swift in Sources */,
				C43AF79B297A971900A64CF4 /* MoviePosterCarouselView.swift in Sources */,
				C433BADE2979503100B3793A /* ImageLoader.swift in Sources */,
				C4D92362297AF122000F984E /* SafariView.swift in Sources */,
				C433BAB62979242900B3793A /* Movie_FinderApp.swift in Sources */,
				C43AF7A8297AB2A400A64CF4 /* MovieDetailsState.swift in Sources */,
				C433BAE4297962DC00B3793A /* MovieBackdropCarouselView.swift in Sources */,
				C43AF7A6297AB20D00A64CF4 /* MovieDetailView.swift in Sources */,
				C433BACF2979355600B3793A /* MovieStore.swift in Sources */,
				C433BAD12979364B00B3793A /* Utils.swift in Sources */,
			);
			runOnlyForDeploymentPostprocessing = 0;
		};
/* End PBXSourcesBuildPhase section */

/* Begin XCBuildConfiguration section */
		C433BABE2979242900B3793A /* Debug */ = {
			isa = XCBuildConfiguration;
			buildSettings = {
				ALWAYS_SEARCH_USER_PATHS = NO;
				CLANG_ANALYZER_NONNULL = YES;
				CLANG_ANALYZER_NUMBER_OBJECT_CONVERSION = YES_AGGRESSIVE;
				CLANG_CXX_LANGUAGE_STANDARD = "gnu++20";
				CLANG_ENABLE_MODULES = YES;
				CLANG_ENABLE_OBJC_ARC = YES;
				CLANG_ENABLE_OBJC_WEAK = YES;
				CLANG_WARN_BLOCK_CAPTURE_AUTORELEASING = YES;
				CLANG_WARN_BOOL_CONVERSION = YES;
				CLANG_WARN_COMMA = YES;
				CLANG_WARN_CONSTANT_CONVERSION = YES;
				CLANG_WARN_DEPRECATED_OBJC_IMPLEMENTATIONS = YES;
				CLANG_WARN_DIRECT_OBJC_ISA_USAGE = YES_ERROR;
				CLANG_WARN_DOCUMENTATION_COMMENTS = YES;
				CLANG_WARN_EMPTY_BODY = YES;
				CLANG_WARN_ENUM_CONVERSION = YES;
				CLANG_WARN_INFINITE_RECURSION = YES;
				CLANG_WARN_INT_CONVERSION = YES;
				CLANG_WARN_NON_LITERAL_NULL_CONVERSION = YES;
				CLANG_WARN_OBJC_IMPLICIT_RETAIN_SELF = YES;
				CLANG_WARN_OBJC_LITERAL_CONVERSION = YES;
				CLANG_WARN_OBJC_ROOT_CLASS = YES_ERROR;
				CLANG_WARN_QUOTED_INCLUDE_IN_FRAMEWORK_HEADER = YES;
				CLANG_WARN_RANGE_LOOP_ANALYSIS = YES;
				CLANG_WARN_STRICT_PROTOTYPES = YES;
				CLANG_WARN_SUSPICIOUS_MOVE = YES;
				CLANG_WARN_UNGUARDED_AVAILABILITY = YES_AGGRESSIVE;
				CLANG_WARN_UNREACHABLE_CODE = YES;
				CLANG_WARN__DUPLICATE_METHOD_MATCH = YES;
				COPY_PHASE_STRIP = NO;
				DEBUG_INFORMATION_FORMAT = dwarf;
				ENABLE_STRICT_OBJC_MSGSEND = YES;
				ENABLE_TESTABILITY = YES;
				GCC_C_LANGUAGE_STANDARD = gnu11;
				GCC_DYNAMIC_NO_PIC = NO;
				GCC_NO_COMMON_BLOCKS = YES;
				GCC_OPTIMIZATION_LEVEL = 0;
				GCC_PREPROCESSOR_DEFINITIONS = (
					"DEBUG=1",
					"$(inherited)",
				);
				GCC_WARN_64_TO_32_BIT_CONVERSION = YES;
				GCC_WARN_ABOUT_RETURN_TYPE = YES_ERROR;
				GCC_WARN_UNDECLARED_SELECTOR = YES;
				GCC_WARN_UNINITIALIZED_AUTOS = YES_AGGRESSIVE;
				GCC_WARN_UNUSED_FUNCTION = YES;
				GCC_WARN_UNUSED_VARIABLE = YES;
				IPHONEOS_DEPLOYMENT_TARGET = 16.2;
				MTL_ENABLE_DEBUG_INFO = INCLUDE_SOURCE;
				MTL_FAST_MATH = YES;
				ONLY_ACTIVE_ARCH = YES;
				SDKROOT = iphoneos;
				SWIFT_ACTIVE_COMPILATION_CONDITIONS = DEBUG;
				SWIFT_OPTIMIZATION_LEVEL = "-Onone";
			};
			name = Debug;
		};
		C433BABF2979242900B3793A /* Release */ = {
			isa = XCBuildConfiguration;
			buildSettings = {
				ALWAYS_SEARCH_USER_PATHS = NO;
				CLANG_ANALYZER_NONNULL = YES;
				CLANG_ANALYZER_NUMBER_OBJECT_CONVERSION = YES_AGGRESSIVE;
				CLANG_CXX_LANGUAGE_STANDARD = "gnu++20";
				CLANG_ENABLE_MODULES = YES;
				CLANG_ENABLE_OBJC_ARC = YES;
				CLANG_ENABLE_OBJC_WEAK = YES;
				CLANG_WARN_BLOCK_CAPTURE_AUTORELEASING = YES;
				CLANG_WARN_BOOL_CONVERSION = YES;
				CLANG_WARN_COMMA = YES;
				CLANG_WARN_CONSTANT_CONVERSION = YES;
				CLANG_WARN_DEPRECATED_OBJC_IMPLEMENTATIONS = YES;
				CLANG_WARN_DIRECT_OBJC_ISA_USAGE = YES_ERROR;
				CLANG_WARN_DOCUMENTATION_COMMENTS = YES;
				CLANG_WARN_EMPTY_BODY = YES;
				CLANG_WARN_ENUM_CONVERSION = YES;
				CLANG_WARN_INFINITE_RECURSION = YES;
				CLANG_WARN_INT_CONVERSION = YES;
				CLANG_WARN_NON_LITERAL_NULL_CONVERSION = YES;
				CLANG_WARN_OBJC_IMPLICIT_RETAIN_SELF = YES;
				CLANG_WARN_OBJC_LITERAL_CONVERSION = YES;
				CLANG_WARN_OBJC_ROOT_CLASS = YES_ERROR;
				CLANG_WARN_QUOTED_INCLUDE_IN_FRAMEWORK_HEADER = YES;
				CLANG_WARN_RANGE_LOOP_ANALYSIS = YES;
				CLANG_WARN_STRICT_PROTOTYPES = YES;
				CLANG_WARN_SUSPICIOUS_MOVE = YES;
				CLANG_WARN_UNGUARDED_AVAILABILITY = YES_AGGRESSIVE;
				CLANG_WARN_UNREACHABLE_CODE = YES;
				CLANG_WARN__DUPLICATE_METHOD_MATCH = YES;
				COPY_PHASE_STRIP = NO;
				DEBUG_INFORMATION_FORMAT = "dwarf-with-dsym";
				ENABLE_NS_ASSERTIONS = NO;
				ENABLE_STRICT_OBJC_MSGSEND = YES;
				GCC_C_LANGUAGE_STANDARD = gnu11;
				GCC_NO_COMMON_BLOCKS = YES;
				GCC_WARN_64_TO_32_BIT_CONVERSION = YES;
				GCC_WARN_ABOUT_RETURN_TYPE = YES_ERROR;
				GCC_WARN_UNDECLARED_SELECTOR = YES;
				GCC_WARN_UNINITIALIZED_AUTOS = YES_AGGRESSIVE;
				GCC_WARN_UNUSED_FUNCTION = YES;
				GCC_WARN_UNUSED_VARIABLE = YES;
				IPHONEOS_DEPLOYMENT_TARGET = 16.2;
				MTL_ENABLE_DEBUG_INFO = NO;
				MTL_FAST_MATH = YES;
				SDKROOT = iphoneos;
				SWIFT_COMPILATION_MODE = wholemodule;
				SWIFT_OPTIMIZATION_LEVEL = "-O";
				VALIDATE_PRODUCT = YES;
			};
			name = Release;
		};
		C433BAC12979242900B3793A /* Debug */ = {
			isa = XCBuildConfiguration;
			buildSettings = {
				ASSETCATALOG_COMPILER_APPICON_NAME = AppIcon;
				ASSETCATALOG_COMPILER_GLOBAL_ACCENT_COLOR_NAME = AccentColor;
				CODE_SIGN_STYLE = Automatic;
				CURRENT_PROJECT_VERSION = 1;
				DEVELOPMENT_ASSET_PATHS = "\"Movie Finder/Preview Content\"";
				DEVELOPMENT_TEAM = L2BC35V756;
				ENABLE_PREVIEWS = YES;
				GENERATE_INFOPLIST_FILE = YES;
				INFOPLIST_KEY_UIApplicationSceneManifest_Generation = YES;
				INFOPLIST_KEY_UIApplicationSupportsIndirectInputEvents = YES;
				INFOPLIST_KEY_UILaunchScreen_Generation = YES;
				INFOPLIST_KEY_UISupportedInterfaceOrientations_iPad = "UIInterfaceOrientationPortrait UIInterfaceOrientationPortraitUpsideDown UIInterfaceOrientationLandscapeLeft UIInterfaceOrientationLandscapeRight";
				INFOPLIST_KEY_UISupportedInterfaceOrientations_iPhone = "UIInterfaceOrientationPortrait UIInterfaceOrientationLandscapeLeft UIInterfaceOrientationLandscapeRight";
				LD_RUNPATH_SEARCH_PATHS = (
					"$(inherited)",
					"@executable_path/Frameworks",
				);
				MARKETING_VERSION = 1.0;
				PRODUCT_BUNDLE_IDENTIFIER = "ml.vamshiprasad.Movie-Finder";
				PRODUCT_NAME = "$(TARGET_NAME)";
				SWIFT_EMIT_LOC_STRINGS = YES;
				SWIFT_VERSION = 5.0;
				TARGETED_DEVICE_FAMILY = "1,2";
			};
			name = Debug;
		};
		C433BAC22979242900B3793A /* Release */ = {
			isa = XCBuildConfiguration;
			buildSettings = {
				ASSETCATALOG_COMPILER_APPICON_NAME = AppIcon;
				ASSETCATALOG_COMPILER_GLOBAL_ACCENT_COLOR_NAME = AccentColor;
				CODE_SIGN_STYLE = Automatic;
				CURRENT_PROJECT_VERSION = 1;
				DEVELOPMENT_ASSET_PATHS = "\"Movie Finder/Preview Content\"";
				DEVELOPMENT_TEAM = L2BC35V756;
				ENABLE_PREVIEWS = YES;
				GENERATE_INFOPLIST_FILE = YES;
				INFOPLIST_KEY_UIApplicationSceneManifest_Generation = YES;
				INFOPLIST_KEY_UIApplicationSupportsIndirectInputEvents = YES;
				INFOPLIST_KEY_UILaunchScreen_Generation = YES;
				INFOPLIST_KEY_UISupportedInterfaceOrientations_iPad = "UIInterfaceOrientationPortrait UIInterfaceOrientationPortraitUpsideDown UIInterfaceOrientationLandscapeLeft UIInterfaceOrientationLandscapeRight";
				INFOPLIST_KEY_UISupportedInterfaceOrientations_iPhone = "UIInterfaceOrientationPortrait UIInterfaceOrientationLandscapeLeft UIInterfaceOrientationLandscapeRight";
				LD_RUNPATH_SEARCH_PATHS = (
					"$(inherited)",
					"@executable_path/Frameworks",
				);
				MARKETING_VERSION = 1.0;
				PRODUCT_BUNDLE_IDENTIFIER = "ml.vamshiprasad.Movie-Finder";
				PRODUCT_NAME = "$(TARGET_NAME)";
				SWIFT_EMIT_LOC_STRINGS = YES;
				SWIFT_VERSION = 5.0;
				TARGETED_DEVICE_FAMILY = "1,2";
			};
			name = Release;
		};
/* End XCBuildConfiguration section */

/* Begin XCConfigurationList section */
		C433BAAD2979242900B3793A /* Build configuration list for PBXProject "Movie Finder" */ = {
			isa = XCConfigurationList;
			buildConfigurations = (
				C433BABE2979242900B3793A /* Debug */,
				C433BABF2979242900B3793A /* Release */,
			);
			defaultConfigurationIsVisible = 0;
			defaultConfigurationName = Release;
		};
		C433BAC02979242900B3793A /* Build configuration list for PBXNativeTarget "Movie Finder" */ = {
			isa = XCConfigurationList;
			buildConfigurations = (
				C433BAC12979242900B3793A /* Debug */,
				C433BAC22979242900B3793A /* Release */,
			);
			defaultConfigurationIsVisible = 0;
			defaultConfigurationName = Release;
		};
/* End XCConfigurationList section */
	};
	rootObject = C433BAAA2979242900B3793A /* Project object */;
}
